
Microsoft Visual Studio Solution File, Format Version 12.00
# Visual Studio Version 16
VisualStudioVersion = 16.0.30907.101
MinimumVisualStudioVersion = 10.0.40219.1
Project("{FAE04EC0-301F-11D3-BF4B-00C04F79EFBC}") = "GitProjectTest", "GitProjectTest\GitProjectTest.csproj", "{53151EB5-0375-4653-A649-7B03F888B0B3}"
EndProject
Global
	GlobalSection(SolutionConfigurationPlatforms) = preSolution
		Debug|Any CPU = Debug|Any CPU
		Release|Any CPU = Release|Any CPU
	EndGlobalSection
	GlobalSection(ProjectConfigurationPlatforms) = postSolution
		{53151EB5-0375-4653-A649-7B03F888B0B3}.Debug|Any CPU.ActiveCfg = Debug|Any CPU
		{53151EB5-0375-4653-A649-7B03F888B0B3}.Debug|Any CPU.Build.0 = Debug|Any CPU
		{53151EB5-0375-4653-A649-7B03F888B0B3}.Release|Any CPU.ActiveCfg = Release|Any CPU
		{53151EB5-0375-4653-A649-7B03F888B0B3}.Release|Any CPU.Build.0 = Release|Any CPU
	EndGlobalSection
	GlobalSection(SolutionProperties) = preSolution
		HideSolutionNode = FALSE
	EndGlobalSection
	GlobalSection(ExtensibilityGlobals) = postSolution
		SolutionGuid = {83C1B811-31FC-4F86-8887-90B301D3F092}
	EndGlobalSection
EndGlobal
